
Microsoft Visual Studio Solution File, Format Version 12.00
# Visual Studio Version 16
VisualStudioVersion = 16.0.29201.188
MinimumVisualStudioVersion = 10.0.40219.1
Project("{9A19103F-16F7-4668-BE54-9A1E7A4F7556}") = "RangeVote.Common", "RangeVote.Common\RangeVote.Common.csproj", "{5FFA17B4-F29C-43FF-8091-62A6F8092542}"
EndProject
Project("{9A19103F-16F7-4668-BE54-9A1E7A4F7556}") = "RangeVote.Server", "RangeVote.Server\RangeVote.Server.csproj", "{9DC1F448-DAEA-420E-AE12-0D659818702D}"
EndProject
Project("{9A19103F-16F7-4668-BE54-9A1E7A4F7556}") = "RangeVote.Client", "RangeVote.Client\RangeVote.Client.csproj", "{23B95FD7-D357-4550-B60F-03B3C86B5C7A}"
EndProject
Global
	GlobalSection(SolutionConfigurationPlatforms) = preSolution
		Debug|Any CPU = Debug|Any CPU
		Release|Any CPU = Release|Any CPU
	EndGlobalSection
	GlobalSection(ProjectConfigurationPlatforms) = postSolution
		{5FFA17B4-F29C-43FF-8091-62A6F8092542}.Debug|Any CPU.ActiveCfg = Debug|Any CPU
		{5FFA17B4-F29C-43FF-8091-62A6F8092542}.Debug|Any CPU.Build.0 = Debug|Any CPU
		{5FFA17B4-F29C-43FF-8091-62A6F8092542}.Release|Any CPU.ActiveCfg = Release|Any CPU
		{5FFA17B4-F29C-43FF-8091-62A6F8092542}.Release|Any CPU.Build.0 = Release|Any CPU
		{9DC1F448-DAEA-420E-AE12-0D659818702D}.Debug|Any CPU.ActiveCfg = Debug|Any CPU
		{9DC1F448-DAEA-420E-AE12-0D659818702D}.Debug|Any CPU.Build.0 = Debug|Any CPU
		{9DC1F448-DAEA-420E-AE12-0D659818702D}.Release|Any CPU.ActiveCfg = Release|Any CPU
		{9DC1F448-DAEA-420E-AE12-0D659818702D}.Release|Any CPU.Build.0 = Release|Any CPU
		{23B95FD7-D357-4550-B60F-03B3C86B5C7A}.Debug|Any CPU.ActiveCfg = Debug|Any CPU
		{23B95FD7-D357-4550-B60F-03B3C86B5C7A}.Debug|Any CPU.Build.0 = Debug|Any CPU
		{23B95FD7-D357-4550-B60F-03B3C86B5C7A}.Release|Any CPU.ActiveCfg = Release|Any CPU
		{23B95FD7-D357-4550-B60F-03B3C86B5C7A}.Release|Any CPU.Build.0 = Release|Any CPU
	EndGlobalSection
	GlobalSection(SolutionProperties) = preSolution
		HideSolutionNode = FALSE
	EndGlobalSection
	GlobalSection(ExtensibilityGlobals) = postSolution
		SolutionGuid = {5458E5A7-BDF6-4AD4-A341-460EE1236702}
	EndGlobalSection
EndGlobal
